<?xml version="1.0" encoding="utf-8"?>
<Project ToolsVersion="4.0" xmlns="http://schemas.microsoft.com/developer/msbuild/2003">
  <ItemGroup>
    <Filter Include="main">
      <UniqueIdentifier>{79542f95-7b07-43f8-8fc1-fe74c61ee9f3}</UniqueIdentifier>
    </Filter>
    <Filter Include="directXTex">
      <UniqueIdentifier>{3157489b-4a0b-49c8-818b-14c3c9eae3b2}</UniqueIdentifier>
    </Filter>
    <Filter Include="manager">
      <UniqueIdentifier>{d136460d-4fda-40b5-aa8b-75df460fa664}</UniqueIdentifier>
    </Filter>
    <Filter Include="renderer">
      <UniqueIdentifier>{581ee78b-855e-4076-b398-3605f005fd58}</UniqueIdentifier>
    </Filter>
    <Filter Include="scene">
      <UniqueIdentifier>{4300b448-c5a3-4d66-87b6-3b7c031f3d0e}</UniqueIdentifier>
    </Filter>
    <Filter Include="character">
      <UniqueIdentifier>{1a5bf635-6fa9-4433-91dd-d47a803546dd}</UniqueIdentifier>
    </Filter>
    <Filter Include="camera">
      <UniqueIdentifier>{6ba95837-5e01-4bc6-aba1-ee78f67b47c2}</UniqueIdentifier>
    </Filter>
    <Filter Include="skydome">
      <UniqueIdentifier>{cb2b258a-2ede-489e-9195-d706c872f680}</UniqueIdentifier>
    </Filter>
    <Filter Include="object">
      <UniqueIdentifier>{bf9e3ec4-506a-4989-9f33-c13c5a00ad34}</UniqueIdentifier>
    </Filter>
    <Filter Include="staticMeshObject">
      <UniqueIdentifier>{d682fc6e-7cb8-4a68-911d-612bb5e07705}</UniqueIdentifier>
    </Filter>
    <Filter Include="shader">
      <UniqueIdentifier>{12b2c6b7-f759-4255-b4f9-225a03c84b2d}</UniqueIdentifier>
    </Filter>
    <Filter Include="polygon2D">
      <UniqueIdentifier>{cb5bc5f3-92a0-4976-b06e-2038b0398576}</UniqueIdentifier>
    </Filter>
    <Filter Include="component">
      <UniqueIdentifier>{0e78a63a-23ed-4713-b148-de90201b9d18}</UniqueIdentifier>
    </Filter>
    <Filter Include="playerState">
      <UniqueIdentifier>{eaa630ec-7acf-4aec-aaf3-cedd6912cb4c}</UniqueIdentifier>
    </Filter>
    <Filter Include="behaviorTree">
      <UniqueIdentifier>{dfc5bd79-bbcb-4e93-a3ac-1f6059d9ebfc}</UniqueIdentifier>
    </Filter>
    <Filter Include="particle">
      <UniqueIdentifier>{c84b9e9c-dd23-477a-92e3-020b82d10242}</UniqueIdentifier>
    </Filter>
    <Filter Include="meshFiled">
      <UniqueIdentifier>{76c84de4-7c3b-4b1d-8458-060c034dc30e}</UniqueIdentifier>
    </Filter>
    <Filter Include="shadow">
      <UniqueIdentifier>{52d8ea7c-fe23-4034-b5f8-053d6065130d}</UniqueIdentifier>
    </Filter>
    <Filter Include="behaviorTaskNode">
      <UniqueIdentifier>{4daea993-5b4c-4f16-a1c9-fb7243f7b633}</UniqueIdentifier>
    </Filter>
    <Filter Include="behaviorNode">
      <UniqueIdentifier>{a4422139-e6a2-47ce-9dbe-3a117c25e7c3}</UniqueIdentifier>
    </Filter>
    <Filter Include="fade">
      <UniqueIdentifier>{b279a4b6-5a71-4895-9220-3ec95af75685}</UniqueIdentifier>
    </Filter>
    <Filter Include="imgui">
      <UniqueIdentifier>{edbad82d-8fe1-4e59-9503-8fef892bac62}</UniqueIdentifier>
    </Filter>
    <Filter Include="equipment">
      <UniqueIdentifier>{f5f59298-14d3-446b-8bff-1ecaac357189}</UniqueIdentifier>
    </Filter>
    <Filter Include="billboard">
      <UniqueIdentifier>{b96b79ae-fd68-4f5b-af23-5024385e37c6}</UniqueIdentifier>
    </Filter>
    <Filter Include="enemyAttackObject">
      <UniqueIdentifier>{3b69d76c-75ed-4ace-b773-50e46309fdb3}</UniqueIdentifier>
    </Filter>
  </ItemGroup>
  <ItemGroup>
    <ClCompile Include="main\main.cpp">
      <Filter>main</Filter>
    </ClCompile>
    <ClCompile Include="manager\inputManager.cpp">
      <Filter>manager</Filter>
    </ClCompile>
    <ClCompile Include="manager\sceneManager.cpp">
      <Filter>manager</Filter>
    </ClCompile>
    <ClCompile Include="renderer\renderer.cpp">
      <Filter>renderer</Filter>
    </ClCompile>
    <ClCompile Include="object\gameObject.cpp">
      <Filter>object</Filter>
    </ClCompile>
    <ClCompile Include="manager\objectManager.cpp">
      <Filter>manager</Filter>
    </ClCompile>
    <ClCompile Include="character\player.cpp">
      <Filter>character</Filter>
    </ClCompile>
    <ClCompile Include="character\character.cpp">
      <Filter>character</Filter>
    </ClCompile>
    <ClCompile Include="renderer\fbxModelRenderer.cpp">
      <Filter>renderer</Filter>
    </ClCompile>
    <ClCompile Include="manager\fbxModelManager.cpp">
      <Filter>manager</Filter>
    </ClCompile>
    <ClCompile Include="scene\gameScene.cpp">
      <Filter>scene</Filter>
    </ClCompile>
    <ClCompile Include="camera\playerCamera.cpp">
      <Filter>camera</Filter>
    </ClCompile>
    <ClCompile Include="camera\camera.cpp">
      <Filter>camera</Filter>
    </ClCompile>
    <ClCompile Include="renderer\objModelRenderer.cpp">
      <Filter>renderer</Filter>
    </ClCompile>
    <ClCompile Include="staticMeshObject\staticmeshObject.cpp">
      <Filter>staticMeshObject</Filter>
    </ClCompile>
    <ClCompile Include="skydome\skydome.cpp">
      <Filter>skydome</Filter>
    </ClCompile>
    <ClCompile Include="manager\objModelManager.cpp">
      <Filter>manager</Filter>
    </ClCompile>
    <ClCompile Include="manager\textureManager.cpp">
      <Filter>manager</Filter>
    </ClCompile>
    <ClCompile Include="polygon2D\polygon2D.cpp">
      <Filter>polygon2D</Filter>
    </ClCompile>
    <ClCompile Include="scene\scene.cpp">
      <Filter>scene</Filter>
    </ClCompile>
    <ClCompile Include="camera\titleCamera.cpp">
      <Filter>camera</Filter>
    </ClCompile>
    <ClCompile Include="scene\titleScene.cpp">
      <Filter>scene</Filter>
    </ClCompile>
    <ClCompile Include="component\collisionComponent.cpp">
      <Filter>component</Filter>
    </ClCompile>
    <ClCompile Include="component\boxCollisionComponent.cpp">
      <Filter>component</Filter>
    </ClCompile>
    <ClCompile Include="staticMeshObject\box.cpp">
      <Filter>staticMeshObject</Filter>
    </ClCompile>
    <ClCompile Include="playerState\playerStateMachine.cpp">
      <Filter>playerState</Filter>
    </ClCompile>
    <ClCompile Include="playerState\playerState.cpp">
      <Filter>playerState</Filter>
    </ClCompile>
    <ClCompile Include="playerState\playerStateIdle.cpp">
      <Filter>playerState</Filter>
    </ClCompile>
    <ClCompile Include="playerState\playerStateRun.cpp">
      <Filter>playerState</Filter>
    </ClCompile>
    <ClCompile Include="playerState\playerStateJump.cpp">
      <Filter>playerState</Filter>
    </ClCompile>
    <ClCompile Include="behaviorTree\behaviorTree.cpp">
      <Filter>behaviorTree</Filter>
    </ClCompile>
    <ClCompile Include="character\bossEnemy.cpp">
      <Filter>character</Filter>
    </ClCompile>
    <ClCompile Include="character\mawJLaygo.cpp">
      <Filter>character</Filter>
    </ClCompile>
    <ClCompile Include="particle\particleEmitter.cpp">
      <Filter>particle</Filter>
    </ClCompile>
    <ClCompile Include="particle\spiralBlueorb.cpp">
      <Filter>particle</Filter>
    </ClCompile>
    <ClCompile Include="meshFiled\meshFiled.cpp">
      <Filter>meshFiled</Filter>
    </ClCompile>
    <ClCompile Include="shadow\shadowVolume.cpp">
      <Filter>shadow</Filter>
    </ClCompile>
    <ClCompile Include="behaviorTree\mawJLaygoBattleTree.cpp">
      <Filter>behaviorTree</Filter>
    </ClCompile>
    <ClCompile Include="behaviorTree\mawJLaygoTitleTree.cpp">
      <Filter>behaviorTree</Filter>
    </ClCompile>
    <ClCompile Include="staticMeshObject\moveRandSizeBox.cpp">
      <Filter>staticMeshObject</Filter>
    </ClCompile>
    <ClCompile Include="behaviorNode\selectorNode.cpp">
      <Filter>behaviorNode</Filter>
    </ClCompile>
    <ClCompile Include="behaviorNode\sequenceNode.cpp">
      <Filter>behaviorNode</Filter>
    </ClCompile>
    <ClCompile Include="behaviorNode\taskNode.cpp">
      <Filter>behaviorNode</Filter>
    </ClCompile>
    <ClCompile Include="behaviorTaskNode\checkRangeTask.cpp">
      <Filter>behaviorTaskNode</Filter>
    </ClCompile>
    <ClCompile Include="behaviorTaskNode\dashAtThePlayerTask.cpp">
      <Filter>behaviorTaskNode</Filter>
    </ClCompile>
    <ClCompile Include="behaviorTaskNode\roaringInfinityTask.cpp">
      <Filter>behaviorTaskNode</Filter>
    </ClCompile>
    <ClCompile Include="behaviorTaskNode\battleStartRenditionTask.cpp">
      <Filter>behaviorTaskNode</Filter>
    </ClCompile>
    <ClCompile Include="behaviorTaskNode\leftSwipingTask.cpp">
      <Filter>behaviorTaskNode</Filter>
    </ClCompile>
    <ClCompile Include="behaviorTaskNode\checkHealthTask.cpp">
      <Filter>behaviorTaskNode</Filter>
    </ClCompile>
    <ClCompile Include="behaviorTaskNode\deadTask.cpp">
      <Filter>behaviorTaskNode</Filter>
    </ClCompile>
    <ClCompile Include="behaviorTaskNode\jumpAttackTask.cpp">
      <Filter>behaviorTaskNode</Filter>
    </ClCompile>
    <ClCompile Include="component\shaderComponent.cpp">
      <Filter>component</Filter>
    </ClCompile>
    <ClCompile Include="behaviorTaskNode\waitTask.cpp">
      <Filter>behaviorTaskNode</Filter>
    </ClCompile>
    <ClCompile Include="scene\loadScene.cpp">
      <Filter>scene</Filter>
    </ClCompile>
    <ClCompile Include="camera\loadCamera.cpp">
      <Filter>camera</Filter>
    </ClCompile>
    <ClCompile Include="behaviorTree\mawJLaygoLoadTree.cpp">
      <Filter>behaviorTree</Filter>
    </ClCompile>
    <ClCompile Include="behaviorTaskNode\loadIdleTask.cpp">
      <Filter>behaviorTaskNode</Filter>
    </ClCompile>
    <ClCompile Include="fade\fade.cpp">
      <Filter>fade</Filter>
    </ClCompile>
    <ClCompile Include="imgui\imgui.cpp">
      <Filter>imgui</Filter>
    </ClCompile>
    <ClCompile Include="imgui\imgui_demo.cpp">
      <Filter>imgui</Filter>
    </ClCompile>
    <ClCompile Include="imgui\imgui_draw.cpp">
      <Filter>imgui</Filter>
    </ClCompile>
    <ClCompile Include="imgui\imgui_tables.cpp">
      <Filter>imgui</Filter>
    </ClCompile>
    <ClCompile Include="imgui\imgui_widgets.cpp">
      <Filter>imgui</Filter>
    </ClCompile>
    <ClCompile Include="imgui\imgui_impl_dx11.cpp">
      <Filter>imgui</Filter>
    </ClCompile>
    <ClCompile Include="imgui\imgui_impl_win32.cpp">
      <Filter>imgui</Filter>
    </ClCompile>
    <ClCompile Include="imgui\imguiWindow.cpp">
      <Filter>imgui</Filter>
    </ClCompile>
    <ClCompile Include="scene\debugScene.cpp">
      <Filter>scene</Filter>
    </ClCompile>
    <ClCompile Include="staticMeshObject\ruins.cpp">
      <Filter>staticMeshObject</Filter>
    </ClCompile>
    <ClCompile Include="object\transparentWall.cpp">
      <Filter>object</Filter>
    </ClCompile>
    <ClCompile Include="behaviorTaskNode\rightSwipingTask.cpp">
      <Filter>behaviorTaskNode</Filter>
    </ClCompile>
    <ClCompile Include="playerState\playerStateParryAttack.cpp">
      <Filter>playerState</Filter>
    </ClCompile>
    <ClCompile Include="behaviorNode\behaviorNode.cpp">
      <Filter>behaviorNode</Filter>
    </ClCompile>
    <ClCompile Include="behaviorTaskNode\parryRecoilTask.cpp">
      <Filter>behaviorTaskNode</Filter>
    </ClCompile>
    <ClCompile Include="behaviorTaskNode\checkAttackParry.cpp">
      <Filter>behaviorTaskNode</Filter>
    </ClCompile>
    <ClCompile Include="playerState\playerStateNormalAttack.cpp">
      <Filter>playerState</Filter>
    </ClCompile>
    <ClCompile Include="equipment\equipmentObject.cpp">
      <Filter>equipment</Filter>
    </ClCompile>
    <ClCompile Include="playerState\playerStateRolling.cpp">
      <Filter>playerState</Filter>
    </ClCompile>
    <ClCompile Include="manager\audioManager.cpp">
      <Filter>manager</Filter>
    </ClCompile>
    <ClCompile Include="behaviorTaskNode\airLightningBallTask.cpp">
      <Filter>behaviorTaskNode</Filter>
    </ClCompile>
    <ClCompile Include="billboard\billboard.cpp">
      <Filter>billboard</Filter>
    </ClCompile>
    <ClCompile Include="billboard\lightningBallEffect.cpp">
      <Filter>billboard</Filter>
    </ClCompile>
    <ClCompile Include="behaviorTaskNode\rightPunchTask.cpp">
      <Filter>behaviorTaskNode</Filter>
    </ClCompile>
    <ClCompile Include="behaviorTaskNode\shortRangeAttackTask.cpp">
      <Filter>behaviorTaskNode</Filter>
    </ClCompile>
    <ClCompile Include="behaviorTaskNode\backJumpTask.cpp">
      <Filter>behaviorTaskNode</Filter>
    </ClCompile>
    <ClCompile Include="enemyAttackObject\lightningBall.cpp">
      <Filter>enemyAttackObject</Filter>
    </ClCompile>
    <ClCompile Include="enemyAttackObject\enemyAttackObject.cpp">
      <Filter>enemyAttackObject</Filter>
    </ClCompile>
    <ClCompile Include="billboard\lightningFallEffect.cpp">
      <Filter>billboard</Filter>
    </ClCompile>
    <ClCompile Include="enemyAttackObject\lightningFall.cpp">
      <Filter>enemyAttackObject</Filter>
    </ClCompile>
    <ClCompile Include="particle\lightningCharge.cpp">
      <Filter>particle</Filter>
    </ClCompile>
    <ClCompile Include="behaviorTaskNode\lightningBarstTask.cpp">
      <Filter>behaviorTaskNode</Filter>
    </ClCompile>
    <ClCompile Include="behaviorTaskNode\middleRangeAttackTask.cpp">
      <Filter>behaviorTaskNode</Filter>
    </ClCompile>
    <ClCompile Include="behaviorTaskNode\lightningFallFowardRainTask.cpp">
      <Filter>behaviorTaskNode</Filter>
    </ClCompile>
    <ClCompile Include="playerState\playerStateExtrAttack.cpp">
      <Filter>playerState</Filter>
    </ClCompile>
    <ClCompile Include="billboard\extrSlashEffect.cpp">
      <Filter>billboard</Filter>
    </ClCompile>
    <ClCompile Include="particle\extrSwordBarst.cpp">
      <Filter>particle</Filter>
    </ClCompile>
    <ClCompile Include="behaviorTaskNode\checkRenditionTask.cpp">
      <Filter>behaviorTaskNode</Filter>
    </ClCompile>
    <ClCompile Include="playerState\playerStateHitAttack.cpp">
      <Filter>playerState</Filter>
    </ClCompile>
    <ClCompile Include="particle\lightningBallChage.cpp">
      <Filter>particle</Filter>
    </ClCompile>
  </ItemGroup>
  <ItemGroup>
    <ClInclude Include="main\main.h">
      <Filter>main</Filter>
    </ClInclude>
    <ClInclude Include="directXTex\DirectXTex.h">
      <Filter>directXTex</Filter>
    </ClInclude>
    <ClInclude Include="manager\inputManager.h">
      <Filter>manager</Filter>
    </ClInclude>
    <ClInclude Include="manager\sceneManager.h">
      <Filter>manager</Filter>
    </ClInclude>
    <ClInclude Include="renderer\renderer.h">
      <Filter>renderer</Filter>
    </ClInclude>
    <ClInclude Include="scene\scene.h">
      <Filter>scene</Filter>
    </ClInclude>
    <ClInclude Include="object\gameObject.h">
      <Filter>object</Filter>
    </ClInclude>
    <ClInclude Include="manager\objectManager.h">
      <Filter>manager</Filter>
    </ClInclude>
    <ClInclude Include="character\player.h">
      <Filter>character</Filter>
    </ClInclude>
    <ClInclude Include="character\character.h">
      <Filter>character</Filter>
    </ClInclude>
    <ClInclude Include="renderer\fbxModelRenderer.h">
      <Filter>renderer</Filter>
    </ClInclude>
    <ClInclude Include="manager\fbxModelManager.h">
      <Filter>manager</Filter>
    </ClInclude>
    <ClInclude Include="scene\gameScene.h">
      <Filter>scene</Filter>
    </ClInclude>
    <ClInclude Include="camera\camera.h">
      <Filter>camera</Filter>
    </ClInclude>
    <ClInclude Include="camera\playerCamera.h">
      <Filter>camera</Filter>
    </ClInclude>
    <ClInclude Include="skydome\skydome.h">
      <Filter>skydome</Filter>
    </ClInclude>
    <ClInclude Include="renderer\objModelRenderer.h">
      <Filter>renderer</Filter>
    </ClInclude>
    <ClInclude Include="staticMeshObject\staticmeshObject.h">
      <Filter>staticMeshObject</Filter>
    </ClInclude>
    <ClInclude Include="manager\objModelManager.h">
      <Filter>manager</Filter>
    </ClInclude>
    <ClInclude Include="manager\textureManager.h">
      <Filter>manager</Filter>
    </ClInclude>
    <ClInclude Include="polygon2D\polygon2D.h">
      <Filter>polygon2D</Filter>
    </ClInclude>
    <ClInclude Include="scene\titleScene.h">
      <Filter>scene</Filter>
    </ClInclude>
    <ClInclude Include="camera\titleCamera.h">
      <Filter>camera</Filter>
    </ClInclude>
    <ClInclude Include="component\component.h">
      <Filter>component</Filter>
    </ClInclude>
    <ClInclude Include="component\collisionComponent.h">
      <Filter>component</Filter>
    </ClInclude>
    <ClInclude Include="component\boxCollisionComponent.h">
      <Filter>component</Filter>
    </ClInclude>
    <ClInclude Include="staticMeshObject\box.h">
      <Filter>staticMeshObject</Filter>
    </ClInclude>
    <ClInclude Include="playerState\playerStateMachine.h">
      <Filter>playerState</Filter>
    </ClInclude>
    <ClInclude Include="playerState\playerState.h">
      <Filter>playerState</Filter>
    </ClInclude>
    <ClInclude Include="playerState\playerStateIdle.h">
      <Filter>playerState</Filter>
    </ClInclude>
    <ClInclude Include="playerState\playerStateRun.h">
      <Filter>playerState</Filter>
    </ClInclude>
    <ClInclude Include="playerState\playerStateJump.h">
      <Filter>playerState</Filter>
    </ClInclude>
    <ClInclude Include="behaviorTree\behaviorTree.h">
      <Filter>behaviorTree</Filter>
    </ClInclude>
    <ClInclude Include="character\bossEnemy.h">
      <Filter>character</Filter>
    </ClInclude>
    <ClInclude Include="character\mawJLaygo.h">
      <Filter>character</Filter>
    </ClInclude>
    <ClInclude Include="particle\particleEmitter.h">
      <Filter>particle</Filter>
    </ClInclude>
    <ClInclude Include="particle\spiralBlueorb.h">
      <Filter>particle</Filter>
    </ClInclude>
    <ClInclude Include="meshFiled\meshFiled.h">
      <Filter>meshFiled</Filter>
    </ClInclude>
    <ClInclude Include="shadow\shadowVolume.h">
      <Filter>shadow</Filter>
    </ClInclude>
    <ClInclude Include="behaviorTree\mawJLaygoBattleTree.h">
      <Filter>behaviorTree</Filter>
    </ClInclude>
    <ClInclude Include="behaviorTree\mawJLaygoTitleTree.h">
      <Filter>behaviorTree</Filter>
    </ClInclude>
    <ClInclude Include="staticMeshObject\moveRandSizeBox.h">
      <Filter>staticMeshObject</Filter>
    </ClInclude>
    <ClInclude Include="behaviorNode\behaviorNode.h">
      <Filter>behaviorNode</Filter>
    </ClInclude>
    <ClInclude Include="behaviorNode\selectorNode.h">
      <Filter>behaviorNode</Filter>
    </ClInclude>
    <ClInclude Include="behaviorNode\sequenceNode.h">
      <Filter>behaviorNode</Filter>
    </ClInclude>
    <ClInclude Include="behaviorNode\taskNode.h">
      <Filter>behaviorNode</Filter>
    </ClInclude>
    <ClInclude Include="behaviorTaskNode\checkRangeTask.h">
      <Filter>behaviorTaskNode</Filter>
    </ClInclude>
    <ClInclude Include="behaviorTaskNode\dashAtThePlayerTask.h">
      <Filter>behaviorTaskNode</Filter>
    </ClInclude>
    <ClInclude Include="behaviorTaskNode\roaringInfinityTask.h">
      <Filter>behaviorTaskNode</Filter>
    </ClInclude>
    <ClInclude Include="behaviorTaskNode\battleStartRenditionTask.h">
      <Filter>behaviorTaskNode</Filter>
    </ClInclude>
    <ClInclude Include="behaviorTaskNode\leftSwipingTask.h">
      <Filter>behaviorTaskNode</Filter>
    </ClInclude>
    <ClInclude Include="behaviorTaskNode\checkHealthTask.h">
      <Filter>behaviorTaskNode</Filter>
    </ClInclude>
    <ClInclude Include="behaviorTaskNode\jumpAttackTask.h">
      <Filter>behaviorTaskNode</Filter>
    </ClInclude>
    <ClInclude Include="behaviorTaskNode\deadTask.h">
      <Filter>behaviorTaskNode</Filter>
    </ClInclude>
    <ClInclude Include="component\shaderComponent.h">
      <Filter>component</Filter>
    </ClInclude>
    <ClInclude Include="behaviorTaskNode\waitTask.h">
      <Filter>behaviorTaskNode</Filter>
    </ClInclude>
    <ClInclude Include="scene\loadScene.h">
      <Filter>scene</Filter>
    </ClInclude>
    <ClInclude Include="camera\loadCamera.h">
      <Filter>camera</Filter>
    </ClInclude>
    <ClInclude Include="behaviorTree\mawJLaygoLoadTree.h">
      <Filter>behaviorTree</Filter>
    </ClInclude>
    <ClInclude Include="behaviorTaskNode\loadIdleTask.h">
      <Filter>behaviorTaskNode</Filter>
    </ClInclude>
    <ClInclude Include="fade\fade.h">
      <Filter>fade</Filter>
    </ClInclude>
    <ClInclude Include="imgui\imconfig.h">
      <Filter>imgui</Filter>
    </ClInclude>
    <ClInclude Include="imgui\imgui.h">
      <Filter>imgui</Filter>
    </ClInclude>
    <ClInclude Include="imgui\imgui_internal.h">
      <Filter>imgui</Filter>
    </ClInclude>
    <ClInclude Include="imgui\imstb_rectpack.h">
      <Filter>imgui</Filter>
    </ClInclude>
    <ClInclude Include="imgui\imstb_textedit.h">
      <Filter>imgui</Filter>
    </ClInclude>
    <ClInclude Include="imgui\imstb_truetype.h">
      <Filter>imgui</Filter>
    </ClInclude>
    <ClInclude Include="imgui\imgui_impl_dx11.h">
      <Filter>imgui</Filter>
    </ClInclude>
    <ClInclude Include="imgui\imgui_impl_win32.h">
      <Filter>imgui</Filter>
    </ClInclude>
    <ClInclude Include="imgui\imguiWindow.h">
      <Filter>imgui</Filter>
    </ClInclude>
    <ClInclude Include="scene\debugScene.h">
      <Filter>scene</Filter>
    </ClInclude>
    <ClInclude Include="staticMeshObject\ruins.h">
      <Filter>staticMeshObject</Filter>
    </ClInclude>
    <ClInclude Include="object\transparentWall.h">
      <Filter>object</Filter>
    </ClInclude>
    <ClInclude Include="behaviorTaskNode\rightSwipingTask.h">
      <Filter>behaviorTaskNode</Filter>
    </ClInclude>
    <ClInclude Include="playerState\playerStateParryAttack.h">
      <Filter>playerState</Filter>
    </ClInclude>
    <ClInclude Include="behaviorTaskNode\parryRecoilTask.h">
      <Filter>behaviorTaskNode</Filter>
    </ClInclude>
    <ClInclude Include="behaviorTaskNode\checkAttackParry.h">
      <Filter>behaviorTaskNode</Filter>
    </ClInclude>
    <ClInclude Include="playerState\playerStateNormalAttack.h">
      <Filter>playerState</Filter>
    </ClInclude>
    <ClInclude Include="equipment\equipmentObject.h">
      <Filter>equipment</Filter>
    </ClInclude>
    <ClInclude Include="playerState\playerStateRolling.h">
      <Filter>playerState</Filter>
    </ClInclude>
    <ClInclude Include="manager\audioManager.h">
      <Filter>manager</Filter>
    </ClInclude>
    <ClInclude Include="behaviorTaskNode\airLightningBallTask.h">
      <Filter>behaviorTaskNode</Filter>
    </ClInclude>
    <ClInclude Include="billboard\billboard.h">
      <Filter>billboard</Filter>
    </ClInclude>
    <ClInclude Include="billboard\lightningBallEffect.h">
      <Filter>billboard</Filter>
    </ClInclude>
    <ClInclude Include="behaviorTaskNode\rightPunchTask.h">
      <Filter>behaviorTaskNode</Filter>
    </ClInclude>
    <ClInclude Include="behaviorTaskNode\shortRangeAttackTask.h">
      <Filter>behaviorTaskNode</Filter>
    </ClInclude>
    <ClInclude Include="behaviorTaskNode\backJumpTask.h">
      <Filter>behaviorTaskNode</Filter>
    </ClInclude>
    <ClInclude Include="enemyAttackObject\lightningBall.h">
      <Filter>enemyAttackObject</Filter>
    </ClInclude>
    <ClInclude Include="enemyAttackObject\enemyAttackObject.h">
      <Filter>enemyAttackObject</Filter>
    </ClInclude>
    <ClInclude Include="billboard\lightningFallEffect.h">
      <Filter>billboard</Filter>
    </ClInclude>
    <ClInclude Include="enemyAttackObject\lightningFall.h">
      <Filter>enemyAttackObject</Filter>
    </ClInclude>
    <ClInclude Include="particle\lightningCharge.h">
      <Filter>particle</Filter>
    </ClInclude>
    <ClInclude Include="behaviorTaskNode\lightningBarstTask.h">
      <Filter>behaviorTaskNode</Filter>
    </ClInclude>
    <ClInclude Include="behaviorTaskNode\middleRangeAttackTask.h">
      <Filter>behaviorTaskNode</Filter>
    </ClInclude>
    <ClInclude Include="behaviorTaskNode\lightningFallFowardRainTask.h">
      <Filter>behaviorTaskNode</Filter>
    </ClInclude>
    <ClInclude Include="playerState\playerStateExtrAttack.h">
      <Filter>playerState</Filter>
    </ClInclude>
    <ClInclude Include="billboard\extrSlashEffect.h">
      <Filter>billboard</Filter>
    </ClInclude>
    <ClInclude Include="particle\extrSwordBarst.h">
      <Filter>particle</Filter>
    </ClInclude>
    <ClInclude Include="behaviorTaskNode\checkRenditionTask.h">
      <Filter>behaviorTaskNode</Filter>
    </ClInclude>
    <ClInclude Include="playerState\playerStateHitAttack.h">
      <Filter>playerState</Filter>
    </ClInclude>
    <ClInclude Include="particle\lightningBallChage.h">
      <Filter>particle</Filter>
    </ClInclude>
  </ItemGroup>
  <ItemGroup>
    <FxCompile Include="shader\common.hlsl">
      <Filter>shader</Filter>
    </FxCompile>
    <FxCompile Include="shader\unlitTexturePS.hlsl">
      <Filter>shader</Filter>
    </FxCompile>
    <FxCompile Include="shader\unlitTextureVS.hlsl">
      <Filter>shader</Filter>
    </FxCompile>
    <FxCompile Include="shader\skinningVS.hlsl">
      <Filter>shader</Filter>
    </FxCompile>
    <FxCompile Include="shader\skinningPS.hlsl">
      <Filter>shader</Filter>
    </FxCompile>
    <FxCompile Include="shader\unlitColorModelPS.hlsl">
      <Filter>shader</Filter>
    </FxCompile>
    <FxCompile Include="shader\unlitColorModelVS.hlsl">
      <Filter>shader</Filter>
    </FxCompile>
  </ItemGroup>
  <ItemGroup>
    <Text Include="particle\template_Particle.txt">
      <Filter>particle</Filter>
    </Text>
    <Text Include="behaviorTaskNode\taskTemplate.txt">
      <Filter>behaviorTaskNode</Filter>
    </Text>
  </ItemGroup>
</Project>